{
  "name": "styleguide-extender",
  "version": "1.0.0",
  "lockfileVersion": 1,
  "requires": true,
  "dependencies": {
    "drupal-attribute": {
      "version": "1.0.2",
      "resolved": "https://registry.npmjs.org/drupal-attribute/-/drupal-attribute-1.0.2.tgz",
      "integrity": "sha1-zTPaHOnmaiB31SL3Puy+duVuRLs="
    }
  }
}
